
Microsoft Visual Studio Solution File, Format Version 12.00
# Visual Studio Version 16
VisualStudioVersion = 16.0.31702.278
MinimumVisualStudioVersion = 10.0.40219.1
Project("{FAE04EC0-301F-11D3-BF4B-00C04F79EFBC}") = "ex 3", "ex 3\ex 3.csproj", "{FEB18736-FDB4-423E-B34C-C843C30D9E17}"
EndProject
Global
	GlobalSection(SolutionConfigurationPlatforms) = preSolution
		Debug|Any CPU = Debug|Any CPU
		Release|Any CPU = Release|Any CPU
	EndGlobalSection
	GlobalSection(ProjectConfigurationPlatforms) = postSolution
		{FEB18736-FDB4-423E-B34C-C843C30D9E17}.Debug|Any CPU.ActiveCfg = Debug|Any CPU
		{FEB18736-FDB4-423E-B34C-C843C30D9E17}.Debug|Any CPU.Build.0 = Debug|Any CPU
		{FEB18736-FDB4-423E-B34C-C843C30D9E17}.Release|Any CPU.ActiveCfg = Release|Any CPU
		{FEB18736-FDB4-423E-B34C-C843C30D9E17}.Release|Any CPU.Build.0 = Release|Any CPU
	EndGlobalSection
	GlobalSection(SolutionProperties) = preSolution
		HideSolutionNode = FALSE
	EndGlobalSection
	GlobalSection(ExtensibilityGlobals) = postSolution
		SolutionGuid = {94FF600A-3FBE-4A8B-8A99-202673E0D782}
	EndGlobalSection
EndGlobal
