
Microsoft Visual Studio Solution File, Format Version 12.00
# Visual Studio Version 16
VisualStudioVersion = 16.0.31624.102
MinimumVisualStudioVersion = 10.0.40219.1
Project("{FAE04EC0-301F-11D3-BF4B-00C04F79EFBC}") = "Aula 03 20_09_2021", "Aula 03 20_09_2021\Aula 03 20_09_2021.csproj", "{D79541D3-5C23-45AF-BF69-BD705AFE7592}"
EndProject
Global
	GlobalSection(SolutionConfigurationPlatforms) = preSolution
		Debug|Any CPU = Debug|Any CPU
		Release|Any CPU = Release|Any CPU
	EndGlobalSection
	GlobalSection(ProjectConfigurationPlatforms) = postSolution
		{D79541D3-5C23-45AF-BF69-BD705AFE7592}.Debug|Any CPU.ActiveCfg = Debug|Any CPU
		{D79541D3-5C23-45AF-BF69-BD705AFE7592}.Debug|Any CPU.Build.0 = Debug|Any CPU
		{D79541D3-5C23-45AF-BF69-BD705AFE7592}.Release|Any CPU.ActiveCfg = Release|Any CPU
		{D79541D3-5C23-45AF-BF69-BD705AFE7592}.Release|Any CPU.Build.0 = Release|Any CPU
	EndGlobalSection
	GlobalSection(SolutionProperties) = preSolution
		HideSolutionNode = FALSE
	EndGlobalSection
	GlobalSection(ExtensibilityGlobals) = postSolution
		SolutionGuid = {D7F75DE8-F451-46E9-8878-C78E04AD4AAA}
	EndGlobalSection
EndGlobal
