
Microsoft Visual Studio Solution File, Format Version 12.00
# Visual Studio Version 16
VisualStudioVersion = 16.0.31624.102
MinimumVisualStudioVersion = 10.0.40219.1
Project("{FAE04EC0-301F-11D3-BF4B-00C04F79EFBC}") = "aula 06 23-09-21", "aula 06 23-09-21\aula 06 23-09-21.csproj", "{D42A2920-1099-492B-9176-511F4B54A224}"
EndProject
Global
	GlobalSection(SolutionConfigurationPlatforms) = preSolution
		Debug|Any CPU = Debug|Any CPU
		Release|Any CPU = Release|Any CPU
	EndGlobalSection
	GlobalSection(ProjectConfigurationPlatforms) = postSolution
		{D42A2920-1099-492B-9176-511F4B54A224}.Debug|Any CPU.ActiveCfg = Debug|Any CPU
		{D42A2920-1099-492B-9176-511F4B54A224}.Debug|Any CPU.Build.0 = Debug|Any CPU
		{D42A2920-1099-492B-9176-511F4B54A224}.Release|Any CPU.ActiveCfg = Release|Any CPU
		{D42A2920-1099-492B-9176-511F4B54A224}.Release|Any CPU.Build.0 = Release|Any CPU
	EndGlobalSection
	GlobalSection(SolutionProperties) = preSolution
		HideSolutionNode = FALSE
	EndGlobalSection
	GlobalSection(ExtensibilityGlobals) = postSolution
		SolutionGuid = {7D5C7667-31E3-4730-A02D-4FD704237471}
	EndGlobalSection
EndGlobal
