
Microsoft Visual Studio Solution File, Format Version 12.00
# Visual Studio Version 16
VisualStudioVersion = 16.0.31702.278
MinimumVisualStudioVersion = 10.0.40219.1
Project("{FAE04EC0-301F-11D3-BF4B-00C04F79EFBC}") = "ex 8", "ex 8\ex 8.csproj", "{2BA7C4A2-6F1B-47BB-A5DF-87BF796A5C83}"
EndProject
Global
	GlobalSection(SolutionConfigurationPlatforms) = preSolution
		Debug|Any CPU = Debug|Any CPU
		Release|Any CPU = Release|Any CPU
	EndGlobalSection
	GlobalSection(ProjectConfigurationPlatforms) = postSolution
		{2BA7C4A2-6F1B-47BB-A5DF-87BF796A5C83}.Debug|Any CPU.ActiveCfg = Debug|Any CPU
		{2BA7C4A2-6F1B-47BB-A5DF-87BF796A5C83}.Debug|Any CPU.Build.0 = Debug|Any CPU
		{2BA7C4A2-6F1B-47BB-A5DF-87BF796A5C83}.Release|Any CPU.ActiveCfg = Release|Any CPU
		{2BA7C4A2-6F1B-47BB-A5DF-87BF796A5C83}.Release|Any CPU.Build.0 = Release|Any CPU
	EndGlobalSection
	GlobalSection(SolutionProperties) = preSolution
		HideSolutionNode = FALSE
	EndGlobalSection
	GlobalSection(ExtensibilityGlobals) = postSolution
		SolutionGuid = {61429390-E34B-4F5A-A3B9-A95ADC4979D4}
	EndGlobalSection
EndGlobal
