
Microsoft Visual Studio Solution File, Format Version 12.00
# Visual Studio Version 16
VisualStudioVersion = 16.0.31702.278
MinimumVisualStudioVersion = 10.0.40219.1
Project("{FAE04EC0-301F-11D3-BF4B-00C04F79EFBC}") = "FormulariosDeCadastro", "FormulariosDeCadastro\FormulariosDeCadastro.csproj", "{8BF6DFD8-CC7C-4878-B577-F5CD15D7901D}"
EndProject
Global
	GlobalSection(SolutionConfigurationPlatforms) = preSolution
		Debug|Any CPU = Debug|Any CPU
		Release|Any CPU = Release|Any CPU
	EndGlobalSection
	GlobalSection(ProjectConfigurationPlatforms) = postSolution
		{8BF6DFD8-CC7C-4878-B577-F5CD15D7901D}.Debug|Any CPU.ActiveCfg = Debug|Any CPU
		{8BF6DFD8-CC7C-4878-B577-F5CD15D7901D}.Debug|Any CPU.Build.0 = Debug|Any CPU
		{8BF6DFD8-CC7C-4878-B577-F5CD15D7901D}.Release|Any CPU.ActiveCfg = Release|Any CPU
		{8BF6DFD8-CC7C-4878-B577-F5CD15D7901D}.Release|Any CPU.Build.0 = Release|Any CPU
	EndGlobalSection
	GlobalSection(SolutionProperties) = preSolution
		HideSolutionNode = FALSE
	EndGlobalSection
	GlobalSection(ExtensibilityGlobals) = postSolution
		SolutionGuid = {72F58379-37CB-4FE7-BB95-BE641D704D72}
	EndGlobalSection
EndGlobal
